PODS:
  - UISS (1.1.2):
    - UISS/Core (= 1.1.2)
  - UISS/Core (1.1.2)

DEPENDENCIES:
  - UISS (from `../..`)

EXTERNAL SOURCES:
  UISS:
    :path: "../.."

SPEC CHECKSUMS:
  UISS: 18c702b914d03c917739108df51d37a7f81d0b08

PODFILE CHECKSUM: b36ff64810da681ed101ed16cb33c4a62e4d2cb0

COCOAPODS: 1.5.3
